{
  "name": "js",
  "lockfileVersion": 2,
  "requires": true,
  "packages": {
    "": {
      "dependencies": {
        "qr-code-styling": "^1.6.0-rc.1"
      }
    },
    "node_modules/qr-code-styling": {
      "version": "1.6.0-rc.1",
      "resolved": "https://registry.npmjs.org/qr-code-styling/-/qr-code-styling-1.6.0-rc.1.tgz",
      "integrity": "sha512-ModRIiW6oUnsP18QzrRYZSc/CFKFKIdj7pUs57AEVH20ajlglRpN3HukjHk0UbNMTlKGuaYl7Gt6/O5Gg2NU2Q==",
      "dependencies": {
        "qrcode-generator": "^1.4.3"
      }
    },
    "node_modules/qrcode-generator": {
      "version": "1.4.4",
      "resolved": "https://registry.npmjs.org/qrcode-generator/-/qrcode-generator-1.4.4.tgz",
      "integrity": "sha512-HM7yY8O2ilqhmULxGMpcHSF1EhJJ9yBj8gvDEuZ6M+KGJ0YY2hKpnXvRD+hZPLrDVck3ExIGhmPtSdcjC+guuw=="
    }
  },
  "dependencies": {
    "qr-code-styling": {
      "version": "1.6.0-rc.1",
      "resolved": "https://registry.npmjs.org/qr-code-styling/-/qr-code-styling-1.6.0-rc.1.tgz",
      "integrity": "sha512-ModRIiW6oUnsP18QzrRYZSc/CFKFKIdj7pUs57AEVH20ajlglRpN3HukjHk0UbNMTlKGuaYl7Gt6/O5Gg2NU2Q==",
      "requires": {
        "qrcode-generator": "^1.4.3"
      }
    },
    "qrcode-generator": {
      "version": "1.4.4",
      "resolved": "https://registry.npmjs.org/qrcode-generator/-/qrcode-generator-1.4.4.tgz",
      "integrity": "sha512-HM7yY8O2ilqhmULxGMpcHSF1EhJJ9yBj8gvDEuZ6M+KGJ0YY2hKpnXvRD+hZPLrDVck3ExIGhmPtSdcjC+guuw=="
    }
  }
}
